
Microsoft Visual Studio Solution File, Format Version 12.00
# Visual Studio Version 17
VisualStudioVersion = 17.2.32526.322
MinimumVisualStudioVersion = 10.0.40219.1
Project("{FAE04EC0-301F-11D3-BF4B-00C04F79EFBC}") = "WpfApp8", "WpfApp8\WpfApp8.csproj", "{37A689B0-A5D5-40CD-A3DD-C99D8385F98D}"
EndProject
Global
	GlobalSection(SolutionConfigurationPlatforms) = preSolution
		Debug|Any CPU = Debug|Any CPU
		Release|Any CPU = Release|Any CPU
	EndGlobalSection
	GlobalSection(ProjectConfigurationPlatforms) = postSolution
		{37A689B0-A5D5-40CD-A3DD-C99D8385F98D}.Debug|Any CPU.ActiveCfg = Debug|Any CPU
		{37A689B0-A5D5-40CD-A3DD-C99D8385F98D}.Debug|Any CPU.Build.0 = Debug|Any CPU
		{37A689B0-A5D5-40CD-A3DD-C99D8385F98D}.Release|Any CPU.ActiveCfg = Release|Any CPU
		{37A689B0-A5D5-40CD-A3DD-C99D8385F98D}.Release|Any CPU.Build.0 = Release|Any CPU
	EndGlobalSection
	GlobalSection(SolutionProperties) = preSolution
		HideSolutionNode = FALSE
	EndGlobalSection
	GlobalSection(ExtensibilityGlobals) = postSolution
		SolutionGuid = {047958E4-C13D-49E8-B5AE-C23D8CD6ACB1}
	EndGlobalSection
EndGlobal
